
Microsoft Visual Studio Solution File, Format Version 12.00
# Visual Studio Version 16
VisualStudioVersion = 16.0.29424.173
MinimumVisualStudioVersion = 10.0.40219.1
Project("{FAE04EC0-301F-11D3-BF4B-00C04F79EFBC}") = "Pacman Simulator", "Pacman Simulator\Pacman Simulator.csproj", "{B45EFEFD-06EE-48A0-8C1A-DEF14D5AC242}"
EndProject
Project("{FAE04EC0-301F-11D3-BF4B-00C04F79EFBC}") = "PacmanLibrary", "PacmanLibrary\PacmanLibrary.csproj", "{D4327BEB-11C7-49F9-BDE3-5319E340C966}"
EndProject
Project("{FAE04EC0-301F-11D3-BF4B-00C04F79EFBC}") = "PacmanTests", "PacmanTests\PacmanTests.csproj", "{B2939F59-9001-4134-AC94-8FE821EEFC7B}"
EndProject
Global
	GlobalSection(SolutionConfigurationPlatforms) = preSolution
		Debug|Any CPU = Debug|Any CPU
		Release|Any CPU = Release|Any CPU
	EndGlobalSection
	GlobalSection(ProjectConfigurationPlatforms) = postSolution
		{B45EFEFD-06EE-48A0-8C1A-DEF14D5AC242}.Debug|Any CPU.ActiveCfg = Debug|Any CPU
		{B45EFEFD-06EE-48A0-8C1A-DEF14D5AC242}.Debug|Any CPU.Build.0 = Debug|Any CPU
		{B45EFEFD-06EE-48A0-8C1A-DEF14D5AC242}.Release|Any CPU.ActiveCfg = Release|Any CPU
		{B45EFEFD-06EE-48A0-8C1A-DEF14D5AC242}.Release|Any CPU.Build.0 = Release|Any CPU
		{D4327BEB-11C7-49F9-BDE3-5319E340C966}.Debug|Any CPU.ActiveCfg = Debug|Any CPU
		{D4327BEB-11C7-49F9-BDE3-5319E340C966}.Debug|Any CPU.Build.0 = Debug|Any CPU
		{D4327BEB-11C7-49F9-BDE3-5319E340C966}.Release|Any CPU.ActiveCfg = Release|Any CPU
		{D4327BEB-11C7-49F9-BDE3-5319E340C966}.Release|Any CPU.Build.0 = Release|Any CPU
		{B2939F59-9001-4134-AC94-8FE821EEFC7B}.Debug|Any CPU.ActiveCfg = Debug|Any CPU
		{B2939F59-9001-4134-AC94-8FE821EEFC7B}.Debug|Any CPU.Build.0 = Debug|Any CPU
		{B2939F59-9001-4134-AC94-8FE821EEFC7B}.Release|Any CPU.ActiveCfg = Release|Any CPU
		{B2939F59-9001-4134-AC94-8FE821EEFC7B}.Release|Any CPU.Build.0 = Release|Any CPU
	EndGlobalSection
	GlobalSection(SolutionProperties) = preSolution
		HideSolutionNode = FALSE
	EndGlobalSection
	GlobalSection(ExtensibilityGlobals) = postSolution
		SolutionGuid = {F70056C3-1F15-4F3C-B388-1B20AC693555}
	EndGlobalSection
EndGlobal
