
Microsoft Visual Studio Solution File, Format Version 12.00
# Visual Studio Version 16
VisualStudioVersion = 16.0.29424.173
MinimumVisualStudioVersion = 10.0.40219.1
Project("{FAE04EC0-301F-11D3-BF4B-00C04F79EFBC}") = "Pacman Solution", "Pacman Solution\Pacman Solution.csproj", "{E5D34E63-C264-4D19-85F7-3C32C93CE207}"
EndProject
Project("{FAE04EC0-301F-11D3-BF4B-00C04F79EFBC}") = "PacmanLibrary", "PacmanLibrary\PacmanLibrary.csproj", "{ECCE9961-4D42-4EFC-B35E-C9C174DCAC04}"
EndProject
Project("{FAE04EC0-301F-11D3-BF4B-00C04F79EFBC}") = "PacmanTests", "PacmanTests\PacmanTests.csproj", "{04CA7451-9F12-4667-902C-222B99C3C9FE}"
EndProject
Global
	GlobalSection(SolutionConfigurationPlatforms) = preSolution
		Debug|Any CPU = Debug|Any CPU
		Release|Any CPU = Release|Any CPU
	EndGlobalSection
	GlobalSection(ProjectConfigurationPlatforms) = postSolution
		{E5D34E63-C264-4D19-85F7-3C32C93CE207}.Debug|Any CPU.ActiveCfg = Debug|Any CPU
		{E5D34E63-C264-4D19-85F7-3C32C93CE207}.Debug|Any CPU.Build.0 = Debug|Any CPU
		{E5D34E63-C264-4D19-85F7-3C32C93CE207}.Release|Any CPU.ActiveCfg = Release|Any CPU
		{E5D34E63-C264-4D19-85F7-3C32C93CE207}.Release|Any CPU.Build.0 = Release|Any CPU
		{ECCE9961-4D42-4EFC-B35E-C9C174DCAC04}.Debug|Any CPU.ActiveCfg = Debug|Any CPU
		{ECCE9961-4D42-4EFC-B35E-C9C174DCAC04}.Debug|Any CPU.Build.0 = Debug|Any CPU
		{ECCE9961-4D42-4EFC-B35E-C9C174DCAC04}.Release|Any CPU.ActiveCfg = Release|Any CPU
		{ECCE9961-4D42-4EFC-B35E-C9C174DCAC04}.Release|Any CPU.Build.0 = Release|Any CPU
		{04CA7451-9F12-4667-902C-222B99C3C9FE}.Debug|Any CPU.ActiveCfg = Debug|Any CPU
		{04CA7451-9F12-4667-902C-222B99C3C9FE}.Debug|Any CPU.Build.0 = Debug|Any CPU
		{04CA7451-9F12-4667-902C-222B99C3C9FE}.Release|Any CPU.ActiveCfg = Release|Any CPU
		{04CA7451-9F12-4667-902C-222B99C3C9FE}.Release|Any CPU.Build.0 = Release|Any CPU
	EndGlobalSection
	GlobalSection(SolutionProperties) = preSolution
		HideSolutionNode = FALSE
	EndGlobalSection
	GlobalSection(ExtensibilityGlobals) = postSolution
		SolutionGuid = {FAEFFCF9-E326-40C9-B697-060E287D8145}
	EndGlobalSection
EndGlobal
